
Microsoft Visual Studio Solution File, Format Version 12.00
# Visual Studio 15
VisualStudioVersion = 15.0.27004.2008
MinimumVisualStudioVersion = 10.0.40219.1
Project("{F184B08F-C81C-45F6-A57F-5ABD9991F28F}") = "mad2trainer", "WindowsApp1\mad2trainer.vbproj", "{0D009828-6572-4D1B-8143-51646A0A8C52}"
EndProject
Global
	GlobalSection(SolutionConfigurationPlatforms) = preSolution
		Debug|Any CPU = Debug|Any CPU
		Release|Any CPU = Release|Any CPU
	EndGlobalSection
	GlobalSection(ProjectConfigurationPlatforms) = postSolution
		{0D009828-6572-4D1B-8143-51646A0A8C52}.Debug|Any CPU.ActiveCfg = Debug|Any CPU
		{0D009828-6572-4D1B-8143-51646A0A8C52}.Debug|Any CPU.Build.0 = Debug|Any CPU
		{0D009828-6572-4D1B-8143-51646A0A8C52}.Release|Any CPU.ActiveCfg = Release|Any CPU
		{0D009828-6572-4D1B-8143-51646A0A8C52}.Release|Any CPU.Build.0 = Release|Any CPU
	EndGlobalSection
	GlobalSection(SolutionProperties) = preSolution
		HideSolutionNode = FALSE
	EndGlobalSection
	GlobalSection(ExtensibilityGlobals) = postSolution
		SolutionGuid = {8AE26F81-E5C5-4338-837A-110186ECA1EC}
	EndGlobalSection
EndGlobal
